// !$*UTF8*$!
{
	archiveVersion = 1;
	classes = {
	};
	objectVersion = 55;
	objects = {

/* Begin PBXBuildFile section */
		96C1A732277957E500F5A70C /* AppDelegate.swift in Sources */ = {isa = PBXBuildFile; fileRef = 96C1A731277957E500F5A70C /* AppDelegate.swift */; };
		96C1A734277957E500F5A70C /* SceneDelegate.swift in Sources */ = {isa = PBXBuildFile; fileRef = 96C1A733277957E500F5A70C /* SceneDelegate.swift */; };
		96C1A736277957E500F5A70C /* ViewController.swift in Sources */ = {isa = PBXBuildFile; fileRef = 96C1A735277957E500F5A70C /* ViewController.swift */; };
		96C1A739277957E500F5A70C /* Main.storyboard in Resources */ = {isa = PBXBuildFile; fileRef = 96C1A737277957E500F5A70C /* Main.storyboard */; };
		96C1A73B277957E800F5A70C /* Assets.xcassets in Resources */ = {isa = PBXBuildFile; fileRef = 96C1A73A277957E800F5A70C /* Assets.xcassets */; };
		96C1A73E277957E800F5A70C /* LaunchScreen.storyboard in Resources */ = {isa = PBXBuildFile; fileRef = 96C1A73C277957E800F5A70C /* LaunchScreen.storyboard */; };
		96C1A7472779586B00F5A70C /* NewsListTableViewController.swift in Sources */ = {isa = PBXBuildFile; fileRef = 96C1A7462779586B00F5A70C /* NewsListTableViewController.swift */; };
		96C1A74A27795FED00F5A70C /* WebService.swift in Sources */ = {isa = PBXBuildFile; fileRef = 96C1A74927795FED00F5A70C /* WebService.swift */; };
		96C1A74D2779658B00F5A70C /* Article.swift in Sources */ = {isa = PBXBuildFile; fileRef = 96C1A74C2779658B00F5A70C /* Article.swift */; };
		96C1A75027797C6F00F5A70C /* ArticleViewModel.swift in Sources */ = {isa = PBXBuildFile; fileRef = 96C1A74F27797C6F00F5A70C /* ArticleViewModel.swift */; };
		96C1A7532779836100F5A70C /* ArticleTableViewCell.swift in Sources */ = {isa = PBXBuildFile; fileRef = 96C1A7522779836100F5A70C /* ArticleTableViewCell.swift */; };
/* End PBXBuildFile section */

/* Begin PBXFileReference section */
		96C1A72E277957E500F5A70C /* MVVM.app */ = {isa = PBXFileReference; explicitFileType = wrapper.application; includeInIndex = 0; path = MVVM.app; sourceTree = BUILT_PRODUCTS_DIR; };
		96C1A731277957E500F5A70C /* AppDelegate.swift */ = {isa = PBXFileReference; lastKnownFileType = sourcecode.swift; path = AppDelegate.swift; sourceTree = "<group>"; };
		96C1A733277957E500F5A70C /* SceneDelegate.swift */ = {isa = PBXFileReference; lastKnownFileType = sourcecode.swift; path = SceneDelegate.swift; sourceTree = "<group>"; };
		96C1A735277957E500F5A70C /* ViewController.swift */ = {isa = PBXFileReference; lastKnownFileType = sourcecode.swift; path = ViewController.swift; sourceTree = "<group>"; };
		96C1A738277957E500F5A70C /* Base */ = {isa = PBXFileReference; lastKnownFileType = file.storyboard; name = Base; path = Base.lproj/Main.storyboard; sourceTree = "<group>"; };
		96C1A73A277957E800F5A70C /* Assets.xcassets */ = {isa = PBXFileReference; lastKnownFileType = folder.assetcatalog; path = Assets.xcassets; sourceTree = "<group>"; };
		96C1A73D277957E800F5A70C /* Base */ = {isa = PBXFileReference; lastKnownFileType = file.storyboard; name = Base; path = Base.lproj/LaunchScreen.storyboard; sourceTree = "<group>"; };
		96C1A73F277957E800F5A70C /* Info.plist */ = {isa = PBXFileReference; lastKnownFileType = text.plist.xml; path = Info.plist; sourceTree = "<group>"; };
		96C1A7462779586B00F5A70C /* NewsListTableViewController.swift */ = {isa = PBXFileReference; lastKnownFileType = sourcecode.swift; path = NewsListTableViewController.swift; sourceTree = "<group>"; };
		96C1A74927795FED00F5A70C /* WebService.swift */ = {isa = PBXFileReference; lastKnownFileType = sourcecode.swift; path = WebService.swift; sourceTree = "<group>"; };
		96C1A74C2779658B00F5A70C /* Article.swift */ = {isa = PBXFileReference; lastKnownFileType = sourcecode.swift; path = Article.swift; sourceTree = "<group>"; };
		96C1A74F27797C6F00F5A70C /* ArticleViewModel.swift */ = {isa = PBXFileReference; lastKnownFileType = sourcecode.swift; path = ArticleViewModel.swift; sourceTree = "<group>"; };
		96C1A7522779836100F5A70C /* ArticleTableViewCell.swift */ = {isa = PBXFileReference; lastKnownFileType = sourcecode.swift; path = ArticleTableViewCell.swift; sourceTree = "<group>"; };
/* End PBXFileReference section */

/* Begin PBXFrameworksBuildPhase section */
		96C1A72B277957E500F5A70C /* Frameworks */ = {
			isa = PBXFrameworksBuildPhase;
			buildActionMask = 2147483647;
			files = (
			);
			runOnlyForDeploymentPostprocessing = 0;
		};
/* End PBXFrameworksBuildPhase section */

/* Begin PBXGroup section */
		96C1A725277957E500F5A70C = {
			isa = PBXGroup;
			children = (
				96C1A730277957E500F5A70C /* MVVM */,
				96C1A72F277957E500F5A70C /* Products */,
			);
			sourceTree = "<group>";
		};
		96C1A72F277957E500F5A70C /* Products */ = {
			isa = PBXGroup;
			children = (
				96C1A72E277957E500F5A70C /* MVVM.app */,
			);
			name = Products;
			sourceTree = "<group>";
		};
		96C1A730277957E500F5A70C /* MVVM */ = {
			isa = PBXGroup;
			children = (
				96C1A7512779832B00F5A70C /* cells */,
				96C1A74E27797C4B00F5A70C /* View Models */,
				96C1A74B2779657700F5A70C /* Models */,
				96C1A74827795FD300F5A70C /* Services */,
				96C1A735277957E500F5A70C /* ViewController.swift */,
				96C1A7452779584C00F5A70C /* controllers */,
				96C1A731277957E500F5A70C /* AppDelegate.swift */,
				96C1A733277957E500F5A70C /* SceneDelegate.swift */,
				96C1A737277957E500F5A70C /* Main.storyboard */,
				96C1A73A277957E800F5A70C /* Assets.xcassets */,
				96C1A73C277957E800F5A70C /* LaunchScreen.storyboard */,
				96C1A73F277957E800F5A70C /* Info.plist */,
			);
			path = MVVM;
			sourceTree = "<group>";
		};
		96C1A7452779584C00F5A70C /* controllers */ = {
			isa = PBXGroup;
			children = (
				96C1A7462779586B00F5A70C /* NewsListTableViewController.swift */,
			);
			path = controllers;
			sourceTree = "<group>";
		};
		96C1A74827795FD300F5A70C /* Services */ = {
			isa = PBXGroup;
			children = (
				96C1A74927795FED00F5A70C /* WebService.swift */,
			);
			path = Services;
			sourceTree = "<group>";
		};
		96C1A74B2779657700F5A70C /* Models */ = {
			isa = PBXGroup;
			children = (
				96C1A74C2779658B00F5A70C /* Article.swift */,
			);
			path = Models;
			sourceTree = "<group>";
		};
		96C1A74E27797C4B00F5A70C /* View Models */ = {
			isa = PBXGroup;
			children = (
				96C1A74F27797C6F00F5A70C /* ArticleViewModel.swift */,
			);
			path = "View Models";
			sourceTree = "<group>";
		};
		96C1A7512779832B00F5A70C /* cells */ = {
			isa = PBXGroup;
			children = (
				96C1A7522779836100F5A70C /* ArticleTableViewCell.swift */,
			);
			path = cells;
			sourceTree = "<group>";
		};
/* End PBXGroup section */

/* Begin PBXNativeTarget section */
		96C1A72D277957E500F5A70C /* MVVM */ = {
			isa = PBXNativeTarget;
			buildConfigurationList = 96C1A742277957E800F5A70C /* Build configuration list for PBXNativeTarget "MVVM" */;
			buildPhases = (
				96C1A72A277957E500F5A70C /* Sources */,
				96C1A72B277957E500F5A70C /* Frameworks */,
				96C1A72C277957E500F5A70C /* Resources */,
			);
			buildRules = (
			);
			dependencies = (
			);
			name = MVVM;
			productName = MVVM;
			productReference = 96C1A72E277957E500F5A70C /* MVVM.app */;
			productType = "com.apple.product-type.application";
		};
/* End PBXNativeTarget section */

/* Begin PBXProject section */
		96C1A726277957E500F5A70C /* Project object */ = {
			isa = PBXProject;
			attributes = {
				BuildIndependentTargetsInParallel = 1;
				LastSwiftUpdateCheck = 1320;
				LastUpgradeCheck = 1320;
				TargetAttributes = {
					96C1A72D277957E500F5A70C = {
						CreatedOnToolsVersion = 13.2.1;
					};
				};
			};
			buildConfigurationList = 96C1A729277957E500F5A70C /* Build configuration list for PBXProject "MVVM" */;
			compatibilityVersion = "Xcode 13.0";
			developmentRegion = en;
			hasScannedForEncodings = 0;
			knownRegions = (
				en,
				Base,
			);
			mainGroup = 96C1A725277957E500F5A70C;
			productRefGroup = 96C1A72F277957E500F5A70C /* Products */;
			projectDirPath = "";
			projectRoot = "";
			targets = (
				96C1A72D277957E500F5A70C /* MVVM */,
			);
		};
/* End PBXProject section */

/* Begin PBXResourcesBuildPhase section */
		96C1A72C277957E500F5A70C /* Resources */ = {
			isa = PBXResourcesBuildPhase;
			buildActionMask = 2147483647;
			files = (
				96C1A73E277957E800F5A70C /* LaunchScreen.storyboard in Resources */,
				96C1A73B277957E800F5A70C /* Assets.xcassets in Resources */,
				96C1A739277957E500F5A70C /* Main.storyboard in Resources */,
			);
			runOnlyForDeploymentPostprocessing = 0;
		};
/* End PBXResourcesBuildPhase section */

/* Begin PBXSourcesBuildPhase section */
		96C1A72A277957E500F5A70C /* Sources */ = {
			isa = PBXSourcesBuildPhase;
			buildActionMask = 2147483647;
			files = (
				96C1A7472779586B00F5A70C /* NewsListTableViewController.swift in Sources */,
				96C1A736277957E500F5A70C /* ViewController.swift in Sources */,
				96C1A74D2779658B00F5A70C /* Article.swift in Sources */,
				96C1A732277957E500F5A70C /* AppDelegate.swift in Sources */,
				96C1A7532779836100F5A70C /* ArticleTableViewCell.swift in Sources */,
				96C1A74A27795FED00F5A70C /* WebService.swift in Sources */,
				96C1A75027797C6F00F5A70C /* ArticleViewModel.swift in Sources */,
				96C1A734277957E500F5A70C /* SceneDelegate.swift in Sources */,
			);
			runOnlyForDeploymentPostprocessing = 0;
		};
/* End PBXSourcesBuildPhase section */

/* Begin PBXVariantGroup section */
		96C1A737277957E500F5A70C /* Main.storyboard */ = {
			isa = PBXVariantGroup;
			children = (
				96C1A738277957E500F5A70C /* Base */,
			);
			name = Main.storyboard;
			sourceTree = "<group>";
		};
		96C1A73C277957E800F5A70C /* LaunchScreen.storyboard */ = {
			isa = PBXVariantGroup;
			children = (
				96C1A73D277957E800F5A70C /* Base */,
			);
			name = LaunchScreen.storyboard;
			sourceTree = "<group>";
		};
/* End PBXVariantGroup section */

/* Begin XCBuildConfiguration section */
		96C1A740277957E800F5A70C /* Debug */ = {
			isa = XCBuildConfiguration;
			buildSettings = {
				ALWAYS_SEARCH_USER_PATHS = NO;
				CLANG_ANALYZER_NONNULL = YES;
				CLANG_ANALYZER_NUMBER_OBJECT_CONVERSION = YES_AGGRESSIVE;
				CLANG_CXX_LANGUAGE_STANDARD = "gnu++17";
				CLANG_CXX_LIBRARY = "libc++";
				CLANG_ENABLE_MODULES = YES;
				CLANG_ENABLE_OBJC_ARC = YES;
				CLANG_ENABLE_OBJC_WEAK = YES;
				CLANG_WARN_BLOCK_CAPTURE_AUTORELEASING = YES;
				CLANG_WARN_BOOL_CONVERSION = YES;
				CLANG_WARN_COMMA = YES;
				CLANG_WARN_CONSTANT_CONVERSION = YES;
				CLANG_WARN_DEPRECATED_OBJC_IMPLEMENTATIONS = YES;
				CLANG_WARN_DIRECT_OBJC_ISA_USAGE = YES_ERROR;
				CLANG_WARN_DOCUMENTATION_COMMENTS = YES;
				CLANG_WARN_EMPTY_BODY = YES;
				CLANG_WARN_ENUM_CONVERSION = YES;
				CLANG_WARN_INFINITE_RECURSION = YES;
				CLANG_WARN_INT_CONVERSION = YES;
				CLANG_WARN_NON_LITERAL_NULL_CONVERSION = YES;
				CLANG_WARN_OBJC_IMPLICIT_RETAIN_SELF = YES;
				CLANG_WARN_OBJC_LITERAL_CONVERSION = YES;
				CLANG_WARN_OBJC_ROOT_CLASS = YES_ERROR;
				CLANG_WARN_QUOTED_INCLUDE_IN_FRAMEWORK_HEADER = YES;
				CLANG_WARN_RANGE_LOOP_ANALYSIS = YES;
				CLANG_WARN_STRICT_PROTOTYPES = YES;
				CLANG_WARN_SUSPICIOUS_MOVE = YES;
				CLANG_WARN_UNGUARDED_AVAILABILITY = YES_AGGRESSIVE;
				CLANG_WARN_UNREACHABLE_CODE = YES;
				CLANG_WARN__DUPLICATE_METHOD_MATCH = YES;
				COPY_PHASE_STRIP = NO;
				DEBUG_INFORMATION_FORMAT = dwarf;
				ENABLE_STRICT_OBJC_MSGSEND = YES;
				ENABLE_TESTABILITY = YES;
				GCC_C_LANGUAGE_STANDARD = gnu11;
				GCC_DYNAMIC_NO_PIC = NO;
				GCC_NO_COMMON_BLOCKS = YES;
				GCC_OPTIMIZATION_LEVEL = 0;
				GCC_PREPROCESSOR_DEFINITIONS = (
					"DEBUG=1",
					"$(inherited)",
				);
				GCC_WARN_64_TO_32_BIT_CONVERSION = YES;
				GCC_WARN_ABOUT_RETURN_TYPE = YES_ERROR;
				GCC_WARN_UNDECLARED_SELECTOR = YES;
				GCC_WARN_UNINITIALIZED_AUTOS = YES_AGGRESSIVE;
				GCC_WARN_UNUSED_FUNCTION = YES;
				GCC_WARN_UNUSED_VARIABLE = YES;
				IPHONEOS_DEPLOYMENT_TARGET = 15.2;
				MTL_ENABLE_DEBUG_INFO = INCLUDE_SOURCE;
				MTL_FAST_MATH = YES;
				ONLY_ACTIVE_ARCH = YES;
				SDKROOT = iphoneos;
				SWIFT_ACTIVE_COMPILATION_CONDITIONS = DEBUG;
				SWIFT_OPTIMIZATION_LEVEL = "-Onone";
			};
			name = Debug;
		};
		96C1A741277957E800F5A70C /* Release */ = {
			isa = XCBuildConfiguration;
			buildSettings = {
				ALWAYS_SEARCH_USER_PATHS = NO;
				CLANG_ANALYZER_NONNULL = YES;
				CLANG_ANALYZER_NUMBER_OBJECT_CONVERSION = YES_AGGRESSIVE;
				CLANG_CXX_LANGUAGE_STANDARD = "gnu++17";
				CLANG_CXX_LIBRARY = "libc++";
				CLANG_ENABLE_MODULES = YES;
				CLANG_ENABLE_OBJC_ARC = YES;
				CLANG_ENABLE_OBJC_WEAK = YES;
				CLANG_WARN_BLOCK_CAPTURE_AUTORELEASING = YES;
				CLANG_WARN_BOOL_CONVERSION = YES;
				CLANG_WARN_COMMA = YES;
				CLANG_WARN_CONSTANT_CONVERSION = YES;
				CLANG_WARN_DEPRECATED_OBJC_IMPLEMENTATIONS = YES;
				CLANG_WARN_DIRECT_OBJC_ISA_USAGE = YES_ERROR;
				CLANG_WARN_DOCUMENTATION_COMMENTS = YES;
				CLANG_WARN_EMPTY_BODY = YES;
				CLANG_WARN_ENUM_CONVERSION = YES;
				CLANG_WARN_INFINITE_RECURSION = YES;
				CLANG_WARN_INT_CONVERSION = YES;
				CLANG_WARN_NON_LITERAL_NULL_CONVERSION = YES;
				CLANG_WARN_OBJC_IMPLICIT_RETAIN_SELF = YES;
				CLANG_WARN_OBJC_LITERAL_CONVERSION = YES;
				CLANG_WARN_OBJC_ROOT_CLASS = YES_ERROR;
				CLANG_WARN_QUOTED_INCLUDE_IN_FRAMEWORK_HEADER = YES;
				CLANG_WARN_RANGE_LOOP_ANALYSIS = YES;
				CLANG_WARN_STRICT_PROTOTYPES = YES;
				CLANG_WARN_SUSPICIOUS_MOVE = YES;
				CLANG_WARN_UNGUARDED_AVAILABILITY = YES_AGGRESSIVE;
				CLANG_WARN_UNREACHABLE_CODE = YES;
				CLANG_WARN__DUPLICATE_METHOD_MATCH = YES;
				COPY_PHASE_STRIP = NO;
				DEBUG_INFORMATION_FORMAT = "dwarf-with-dsym";
				ENABLE_NS_ASSERTIONS = NO;
				ENABLE_STRICT_OBJC_MSGSEND = YES;
				GCC_C_LANGUAGE_STANDARD = gnu11;
				GCC_NO_COMMON_BLOCKS = YES;
				GCC_WARN_64_TO_32_BIT_CONVERSION = YES;
				GCC_WARN_ABOUT_RETURN_TYPE = YES_ERROR;
				GCC_WARN_UNDECLARED_SELECTOR = YES;
				GCC_WARN_UNINITIALIZED_AUTOS = YES_AGGRESSIVE;
				GCC_WARN_UNUSED_FUNCTION = YES;
				GCC_WARN_UNUSED_VARIABLE = YES;
				IPHONEOS_DEPLOYMENT_TARGET = 15.2;
				MTL_ENABLE_DEBUG_INFO = NO;
				MTL_FAST_MATH = YES;
				SDKROOT = iphoneos;
				SWIFT_COMPILATION_MODE = wholemodule;
				SWIFT_OPTIMIZATION_LEVEL = "-O";
				VALIDATE_PRODUCT = YES;
			};
			name = Release;
		};
		96C1A743277957E800F5A70C /* Debug */ = {
			isa = XCBuildConfiguration;
			buildSettings = {
				ASSETCATALOG_COMPILER_APPICON_NAME = AppIcon;
				ASSETCATALOG_COMPILER_GLOBAL_ACCENT_COLOR_NAME = AccentColor;
				CODE_SIGN_STYLE = Automatic;
				CURRENT_PROJECT_VERSION = 1;
				DEVELOPMENT_TEAM = M79928L8PF;
				GENERATE_INFOPLIST_FILE = YES;
				INFOPLIST_FILE = MVVM/Info.plist;
				INFOPLIST_KEY_UIApplicationSupportsIndirectInputEvents = YES;
				INFOPLIST_KEY_UILaunchStoryboardName = LaunchScreen;
				INFOPLIST_KEY_UIMainStoryboardFile = Main;
				INFOPLIST_KEY_UISupportedInterfaceOrientations_iPad = "UIInterfaceOrientationPortrait UIInterfaceOrientationPortraitUpsideDown UIInterfaceOrientationLandscapeLeft UIInterfaceOrientationLandscapeRight";
				INFOPLIST_KEY_UISupportedInterfaceOrientations_iPhone = "UIInterfaceOrientationPortrait UIInterfaceOrientationLandscapeLeft UIInterfaceOrientationLandscapeRight";
				LD_RUNPATH_SEARCH_PATHS = (
					"$(inherited)",
					"@executable_path/Frameworks",
				);
				MARKETING_VERSION = 1.0;
				PRODUCT_BUNDLE_IDENTIFIER = com.future.MVVM;
				PRODUCT_NAME = "$(TARGET_NAME)";
				SWIFT_EMIT_LOC_STRINGS = YES;
				SWIFT_VERSION = 5.0;
				TARGETED_DEVICE_FAMILY = "1,2";
			};
			name = Debug;
		};
		96C1A744277957E800F5A70C /* Release */ = {
			isa = XCBuildConfiguration;
			buildSettings = {
				ASSETCATALOG_COMPILER_APPICON_NAME = AppIcon;
				ASSETCATALOG_COMPILER_GLOBAL_ACCENT_COLOR_NAME = AccentColor;
				CODE_SIGN_STYLE = Automatic;
				CURRENT_PROJECT_VERSION = 1;
				DEVELOPMENT_TEAM = M79928L8PF;
				GENERATE_INFOPLIST_FILE = YES;
				INFOPLIST_FILE = MVVM/Info.plist;
				INFOPLIST_KEY_UIApplicationSupportsIndirectInputEvents = YES;
				INFOPLIST_KEY_UILaunchStoryboardName = LaunchScreen;
				INFOPLIST_KEY_UIMainStoryboardFile = Main;
				INFOPLIST_KEY_UISupportedInterfaceOrientations_iPad = "UIInterfaceOrientationPortrait UIInterfaceOrientationPortraitUpsideDown UIInterfaceOrientationLandscapeLeft UIInterfaceOrientationLandscapeRight";
				INFOPLIST_KEY_UISupportedInterfaceOrientations_iPhone = "UIInterfaceOrientationPortrait UIInterfaceOrientationLandscapeLeft UIInterfaceOrientationLandscapeRight";
				LD_RUNPATH_SEARCH_PATHS = (
					"$(inherited)",
					"@executable_path/Frameworks",
				);
				MARKETING_VERSION = 1.0;
				PRODUCT_BUNDLE_IDENTIFIER = com.future.MVVM;
				PRODUCT_NAME = "$(TARGET_NAME)";
				SWIFT_EMIT_LOC_STRINGS = YES;
				SWIFT_VERSION = 5.0;
				TARGETED_DEVICE_FAMILY = "1,2";
			};
			name = Release;
		};
/* End XCBuildConfiguration section */

/* Begin XCConfigurationList section */
		96C1A729277957E500F5A70C /* Build configuration list for PBXProject "MVVM" */ = {
			isa = XCConfigurationList;
			buildConfigurations = (
				96C1A740277957E800F5A70C /* Debug */,
				96C1A741277957E800F5A70C /* Release */,
			);
			defaultConfigurationIsVisible = 0;
			defaultConfigurationName = Release;
		};
		96C1A742277957E800F5A70C /* Build configuration list for PBXNativeTarget "MVVM" */ = {
			isa = XCConfigurationList;
			buildConfigurations = (
				96C1A743277957E800F5A70C /* Debug */,
				96C1A744277957E800F5A70C /* Release */,
			);
			defaultConfigurationIsVisible = 0;
			defaultConfigurationName = Release;
		};
/* End XCConfigurationList section */
	};
	rootObject = 96C1A726277957E500F5A70C /* Project object */;
}
